{
  "requires": true,
  "lockfileVersion": 1,
  "dependencies": {
    "@types/angular": {
      "version": "1.6.31",
      "resolved": "https://registry.npmjs.org/@types/angular/-/angular-1.6.31.tgz",
      "integrity": "sha512-r8wey5k/XXwAwRQsSFCSPO362L+/9YQqOBMilXmMW4ArGiaWi0Bw8n620JeEEl20J87+ucJeQCFuvJWZy6rLcw==",
      "dev": true
    },
    "@types/jquery": {
      "version": "3.2.12",
      "resolved": "https://registry.npmjs.org/@types/jquery/-/jquery-3.2.12.tgz",
      "integrity": "sha512-xZzTbUju6AYFE/088UcH2+dB7yTLHlujDju9pfncD1WLl2LWa6Mn+WzKjFfhn8YA+he53j5K0Rfdw89BN0kDug==",
      "dev": true
    },
    "ng-content-editable": {
      "version": "0.0.5",
      "resolved": "https://registry.npmjs.org/ng-content-editable/-/ng-content-editable-0.0.5.tgz",
      "integrity": "sha1-Nzny+phDhCLG53hG2ooTDHAc7kA=",
      "dev": true
    },
    "svg.js": {
      "version": "2.6.3",
      "resolved": "https://registry.npmjs.org/svg.js/-/svg.js-2.6.3.tgz",
      "integrity": "sha512-qsqIyfE9t30S5pL/vPvsb2y1Mhyho5WgsQSFa7WqmMrdbK2Yf0WYZD3xzEREDH6D70DtTssqFTptJzF/IoG4gw==",
      "dev": true
    },
    "typescript": {
      "version": "2.4.2",
      "resolved": "https://registry.npmjs.org/typescript/-/typescript-2.4.2.tgz",
      "integrity": "sha1-+DlfhdRZJ2BnyYiqQYN6j4KHCEQ=",
      "dev": true
    }
  }
}
