{
  "requires": true,
  "lockfileVersion": 1,
  "dependencies": {
    "@types/angular": {
      "version": "1.6.31",
      "resolved": "https://registry.npmjs.org/@types/angular/-/angular-1.6.31.tgz",
      "integrity": "sha512-r8wey5k/XXwAwRQsSFCSPO362L+/9YQqOBMilXmMW4ArGiaWi0Bw8n620JeEEl20J87+ucJeQCFuvJWZy6rLcw==",
      "dev": true
    },
    "typescript": {
      "version": "2.4.2",
      "resolved": "https://registry.npmjs.org/typescript/-/typescript-2.4.2.tgz",
      "integrity": "sha1-+DlfhdRZJ2BnyYiqQYN6j4KHCEQ=",
      "dev": true
    }
  }
}
